
Microsoft Visual Studio Solution File, Format Version 12.00
# Visual Studio 15
VisualStudioVersion = 15.0.27004.2005
MinimumVisualStudioVersion = 10.0.40219.1
Project("{2150E333-8FDC-42A3-9474-1A3956D46DE8}") = "Solution Items", "Solution Items", "{B6D3C1BB-2A37-4E17-9EE3-DEF28286E782}"
	ProjectSection(SolutionItems) = preProject
		Instructions.txt = Instructions.txt
	EndProjectSection
EndProject
Project("{FAE04EC0-301F-11D3-BF4B-00C04F79EFBC}") = "AnyCompany.Core", "AnyCompany.Core\AnyCompany.Core.csproj", "{DF23DA99-3CE8-46B2-8037-B681A3921CB5}"
EndProject
Project("{FAE04EC0-301F-11D3-BF4B-00C04F79EFBC}") = "AnyCompany.Core.Tests", "AnyCompany.Core.Tests\AnyCompany.Core.Tests.csproj", "{842CF9DB-4BB4-4D05-A129-67A85E696192}"
EndProject
Global
	GlobalSection(SolutionConfigurationPlatforms) = preSolution
		Debug|Any CPU = Debug|Any CPU
		Release|Any CPU = Release|Any CPU
	EndGlobalSection
	GlobalSection(ProjectConfigurationPlatforms) = postSolution
		{DF23DA99-3CE8-46B2-8037-B681A3921CB5}.Debug|Any CPU.ActiveCfg = Debug|Any CPU
		{DF23DA99-3CE8-46B2-8037-B681A3921CB5}.Debug|Any CPU.Build.0 = Debug|Any CPU
		{DF23DA99-3CE8-46B2-8037-B681A3921CB5}.Release|Any CPU.ActiveCfg = Release|Any CPU
		{DF23DA99-3CE8-46B2-8037-B681A3921CB5}.Release|Any CPU.Build.0 = Release|Any CPU
		{842CF9DB-4BB4-4D05-A129-67A85E696192}.Debug|Any CPU.ActiveCfg = Debug|Any CPU
		{842CF9DB-4BB4-4D05-A129-67A85E696192}.Debug|Any CPU.Build.0 = Debug|Any CPU
		{842CF9DB-4BB4-4D05-A129-67A85E696192}.Release|Any CPU.ActiveCfg = Release|Any CPU
		{842CF9DB-4BB4-4D05-A129-67A85E696192}.Release|Any CPU.Build.0 = Release|Any CPU
	EndGlobalSection
	GlobalSection(SolutionProperties) = preSolution
		HideSolutionNode = FALSE
	EndGlobalSection
	GlobalSection(ExtensibilityGlobals) = postSolution
		SolutionGuid = {4D629674-23F9-49DA-971E-77A5D7A7C39D}
	EndGlobalSection
EndGlobal
